// !$*UTF8*$!
{
	archiveVersion = 1;
	classes = {
	};
	objectVersion = 50;
	objects = {

/* Begin PBXBuildFile section */
		FC05C8C923076F7700255D7B /* Authentication.storyboard in Resources */ = {isa = PBXBuildFile; fileRef = FC05C8C823076F7700255D7B /* Authentication.storyboard */; };
		FC6A447522FCC53800410EC3 /* AppDelegate.swift in Sources */ = {isa = PBXBuildFile; fileRef = FC6A447422FCC53800410EC3 /* AppDelegate.swift */; };
		FC6A447A22FCC53800410EC3 /* Main.storyboard in Resources */ = {isa = PBXBuildFile; fileRef = FC6A447822FCC53800410EC3 /* Main.storyboard */; };
		FC6A447C22FCC53900410EC3 /* Assets.xcassets in Resources */ = {isa = PBXBuildFile; fileRef = FC6A447B22FCC53900410EC3 /* Assets.xcassets */; };
		FC6A447F22FCC53900410EC3 /* LaunchScreen.storyboard in Resources */ = {isa = PBXBuildFile; fileRef = FC6A447D22FCC53900410EC3 /* LaunchScreen.storyboard */; };
		FC6A448722FCD49100410EC3 /* GroupsCollectionViewController.swift in Sources */ = {isa = PBXBuildFile; fileRef = FC6A448622FCD49100410EC3 /* GroupsCollectionViewController.swift */; };
		FC6A448922FDC9DF00410EC3 /* Group.swift in Sources */ = {isa = PBXBuildFile; fileRef = FC6A448822FDC9DF00410EC3 /* Group.swift */; };
		FC6A448B23049EAC00410EC3 /* User.swift in Sources */ = {isa = PBXBuildFile; fileRef = FC6A448A23049EAC00410EC3 /* User.swift */; };
		FC6A448D23049F6800410EC3 /* Allegiance.swift in Sources */ = {isa = PBXBuildFile; fileRef = FC6A448C23049F6800410EC3 /* Allegiance.swift */; };
		FC6A448F2304A0FB00410EC3 /* Post.swift in Sources */ = {isa = PBXBuildFile; fileRef = FC6A448E2304A0FB00410EC3 /* Post.swift */; };
		FC6A44912304B2AB00410EC3 /* GroupsAllegiances.swift in Sources */ = {isa = PBXBuildFile; fileRef = FC6A44902304B2AB00410EC3 /* GroupsAllegiances.swift */; };
		FC6A44932304B3B900410EC3 /* GroupsUsers.swift in Sources */ = {isa = PBXBuildFile; fileRef = FC6A44922304B3B900410EC3 /* GroupsUsers.swift */; };
		FC6A44962304DD4B00410EC3 /* AllegiancePractise.xcdatamodeld in Sources */ = {isa = PBXBuildFile; fileRef = FC6A44942304DD4B00410EC3 /* AllegiancePractise.xcdatamodeld */; };
/* End PBXBuildFile section */

/* Begin PBXFileReference section */
		FC05C8C823076F7700255D7B /* Authentication.storyboard */ = {isa = PBXFileReference; lastKnownFileType = file.storyboard; path = Authentication.storyboard; sourceTree = "<group>"; };
		FC6A447122FCC53700410EC3 /* AllegiancePractise.app */ = {isa = PBXFileReference; explicitFileType = wrapper.application; includeInIndex = 0; path = AllegiancePractise.app; sourceTree = BUILT_PRODUCTS_DIR; };
		FC6A447422FCC53800410EC3 /* AppDelegate.swift */ = {isa = PBXFileReference; lastKnownFileType = sourcecode.swift; path = AppDelegate.swift; sourceTree = "<group>"; };
		FC6A447922FCC53800410EC3 /* Base */ = {isa = PBXFileReference; lastKnownFileType = file.storyboard; name = Base; path = Base.lproj/Main.storyboard; sourceTree = "<group>"; };
		FC6A447B22FCC53900410EC3 /* Assets.xcassets */ = {isa = PBXFileReference; lastKnownFileType = folder.assetcatalog; path = Assets.xcassets; sourceTree = "<group>"; };
		FC6A447E22FCC53900410EC3 /* Base */ = {isa = PBXFileReference; lastKnownFileType = file.storyboard; name = Base; path = Base.lproj/LaunchScreen.storyboard; sourceTree = "<group>"; };
		FC6A448022FCC53900410EC3 /* Info.plist */ = {isa = PBXFileReference; lastKnownFileType = text.plist.xml; path = Info.plist; sourceTree = "<group>"; };
		FC6A448622FCD49100410EC3 /* GroupsCollectionViewController.swift */ = {isa = PBXFileReference; lastKnownFileType = sourcecode.swift; path = GroupsCollectionViewController.swift; sourceTree = "<group>"; };
		FC6A448822FDC9DF00410EC3 /* Group.swift */ = {isa = PBXFileReference; lastKnownFileType = sourcecode.swift; path = Group.swift; sourceTree = "<group>"; };
		FC6A448A23049EAC00410EC3 /* User.swift */ = {isa = PBXFileReference; lastKnownFileType = sourcecode.swift; path = User.swift; sourceTree = "<group>"; };
		FC6A448C23049F6800410EC3 /* Allegiance.swift */ = {isa = PBXFileReference; lastKnownFileType = sourcecode.swift; path = Allegiance.swift; sourceTree = "<group>"; };
		FC6A448E2304A0FB00410EC3 /* Post.swift */ = {isa = PBXFileReference; lastKnownFileType = sourcecode.swift; path = Post.swift; sourceTree = "<group>"; };
		FC6A44902304B2AB00410EC3 /* GroupsAllegiances.swift */ = {isa = PBXFileReference; lastKnownFileType = sourcecode.swift; path = GroupsAllegiances.swift; sourceTree = "<group>"; };
		FC6A44922304B3B900410EC3 /* GroupsUsers.swift */ = {isa = PBXFileReference; lastKnownFileType = sourcecode.swift; path = GroupsUsers.swift; sourceTree = "<group>"; };
		FC6A44952304DD4B00410EC3 /* AllegiancePractise.xcdatamodel */ = {isa = PBXFileReference; lastKnownFileType = wrapper.xcdatamodel; path = AllegiancePractise.xcdatamodel; sourceTree = "<group>"; };
/* End PBXFileReference section */

/* Begin PBXFrameworksBuildPhase section */
		FC6A446E22FCC53700410EC3 /* Frameworks */ = {
			isa = PBXFrameworksBuildPhase;
			buildActionMask = 2147483647;
			files = (
			);
			runOnlyForDeploymentPostprocessing = 0;
		};
/* End PBXFrameworksBuildPhase section */

/* Begin PBXGroup section */
		FC05C8CA23076FDA00255D7B /* Storyboards */ = {
			isa = PBXGroup;
			children = (
				FC6A447822FCC53800410EC3 /* Main.storyboard */,
				FC05C8C823076F7700255D7B /* Authentication.storyboard */,
				FC6A447D22FCC53900410EC3 /* LaunchScreen.storyboard */,
			);
			path = Storyboards;
			sourceTree = "<group>";
		};
		FC6A446822FCC53700410EC3 = {
			isa = PBXGroup;
			children = (
				FC6A447322FCC53700410EC3 /* AllegiancePractise */,
				FC6A447222FCC53700410EC3 /* Products */,
			);
			sourceTree = "<group>";
		};
		FC6A447222FCC53700410EC3 /* Products */ = {
			isa = PBXGroup;
			children = (
				FC6A447122FCC53700410EC3 /* AllegiancePractise.app */,
			);
			name = Products;
			sourceTree = "<group>";
		};
		FC6A447322FCC53700410EC3 /* AllegiancePractise */ = {
			isa = PBXGroup;
			children = (
				FC6A447422FCC53800410EC3 /* AppDelegate.swift */,
				FC6A448622FCD49100410EC3 /* GroupsCollectionViewController.swift */,
				FC6A44972304E0E800410EC3 /* MODELS */,
				FC6A447B22FCC53900410EC3 /* Assets.xcassets */,
				FC05C8CA23076FDA00255D7B /* Storyboards */,
				FC6A448022FCC53900410EC3 /* Info.plist */,
			);
			path = AllegiancePractise;
			sourceTree = "<group>";
		};
		FC6A44972304E0E800410EC3 /* MODELS */ = {
			isa = PBXGroup;
			children = (
				FC6A44942304DD4B00410EC3 /* AllegiancePractise.xcdatamodeld */,
				FC6A448C23049F6800410EC3 /* Allegiance.swift */,
				FC6A448E2304A0FB00410EC3 /* Post.swift */,
				FC6A44902304B2AB00410EC3 /* GroupsAllegiances.swift */,
				FC6A44922304B3B900410EC3 /* GroupsUsers.swift */,
				FC6A448822FDC9DF00410EC3 /* Group.swift */,
				FC6A448A23049EAC00410EC3 /* User.swift */,
			);
			path = MODELS;
			sourceTree = "<group>";
		};
/* End PBXGroup section */

/* Begin PBXNativeTarget section */
		FC6A447022FCC53700410EC3 /* AllegiancePractise */ = {
			isa = PBXNativeTarget;
			buildConfigurationList = FC6A448322FCC53900410EC3 /* Build configuration list for PBXNativeTarget "AllegiancePractise" */;
			buildPhases = (
				FC6A446D22FCC53700410EC3 /* Sources */,
				FC6A446E22FCC53700410EC3 /* Frameworks */,
				FC6A446F22FCC53700410EC3 /* Resources */,
			);
			buildRules = (
			);
			dependencies = (
			);
			name = AllegiancePractise;
			productName = AllegiancePractise;
			productReference = FC6A447122FCC53700410EC3 /* AllegiancePractise.app */;
			productType = "com.apple.product-type.application";
		};
/* End PBXNativeTarget section */

/* Begin PBXProject section */
		FC6A446922FCC53700410EC3 /* Project object */ = {
			isa = PBXProject;
			attributes = {
				LastSwiftUpdateCheck = 1020;
				LastUpgradeCheck = 1020;
				ORGANIZATIONNAME = johnpitts;
				TargetAttributes = {
					FC6A447022FCC53700410EC3 = {
						CreatedOnToolsVersion = 10.2.1;
					};
				};
			};
			buildConfigurationList = FC6A446C22FCC53700410EC3 /* Build configuration list for PBXProject "AllegiancePractise" */;
			compatibilityVersion = "Xcode 9.3";
			developmentRegion = en;
			hasScannedForEncodings = 0;
			knownRegions = (
				en,
				Base,
			);
			mainGroup = FC6A446822FCC53700410EC3;
			productRefGroup = FC6A447222FCC53700410EC3 /* Products */;
			projectDirPath = "";
			projectRoot = "";
			targets = (
				FC6A447022FCC53700410EC3 /* AllegiancePractise */,
			);
		};
/* End PBXProject section */

/* Begin PBXResourcesBuildPhase section */
		FC6A446F22FCC53700410EC3 /* Resources */ = {
			isa = PBXResourcesBuildPhase;
			buildActionMask = 2147483647;
			files = (
				FC05C8C923076F7700255D7B /* Authentication.storyboard in Resources */,
				FC6A447F22FCC53900410EC3 /* LaunchScreen.storyboard in Resources */,
				FC6A447C22FCC53900410EC3 /* Assets.xcassets in Resources */,
				FC6A447A22FCC53800410EC3 /* Main.storyboard in Resources */,
			);
			runOnlyForDeploymentPostprocessing = 0;
		};
/* End PBXResourcesBuildPhase section */

/* Begin PBXSourcesBuildPhase section */
		FC6A446D22FCC53700410EC3 /* Sources */ = {
			isa = PBXSourcesBuildPhase;
			buildActionMask = 2147483647;
			files = (
				FC6A448B23049EAC00410EC3 /* User.swift in Sources */,
				FC6A448922FDC9DF00410EC3 /* Group.swift in Sources */,
				FC6A44962304DD4B00410EC3 /* AllegiancePractise.xcdatamodeld in Sources */,
				FC6A44912304B2AB00410EC3 /* GroupsAllegiances.swift in Sources */,
				FC6A448722FCD49100410EC3 /* GroupsCollectionViewController.swift in Sources */,
				FC6A448F2304A0FB00410EC3 /* Post.swift in Sources */,
				FC6A448D23049F6800410EC3 /* Allegiance.swift in Sources */,
				FC6A44932304B3B900410EC3 /* GroupsUsers.swift in Sources */,
				FC6A447522FCC53800410EC3 /* AppDelegate.swift in Sources */,
			);
			runOnlyForDeploymentPostprocessing = 0;
		};
/* End PBXSourcesBuildPhase section */

/* Begin PBXVariantGroup section */
		FC6A447822FCC53800410EC3 /* Main.storyboard */ = {
			isa = PBXVariantGroup;
			children = (
				FC6A447922FCC53800410EC3 /* Base */,
			);
			name = Main.storyboard;
			sourceTree = "<group>";
		};
		FC6A447D22FCC53900410EC3 /* LaunchScreen.storyboard */ = {
			isa = PBXVariantGroup;
			children = (
				FC6A447E22FCC53900410EC3 /* Base */,
			);
			name = LaunchScreen.storyboard;
			sourceTree = "<group>";
		};
/* End PBXVariantGroup section */

/* Begin XCBuildConfiguration section */
		FC6A448122FCC53900410EC3 /* Debug */ = {
			isa = XCBuildConfiguration;
			buildSettings = {
				ALWAYS_SEARCH_USER_PATHS = NO;
				CLANG_ANALYZER_NONNULL = YES;
				CLANG_ANALYZER_NUMBER_OBJECT_CONVERSION = YES_AGGRESSIVE;
				CLANG_CXX_LANGUAGE_STANDARD = "gnu++14";
				CLANG_CXX_LIBRARY = "libc++";
				CLANG_ENABLE_MODULES = YES;
				CLANG_ENABLE_OBJC_ARC = YES;
				CLANG_ENABLE_OBJC_WEAK = YES;
				CLANG_WARN_BLOCK_CAPTURE_AUTORELEASING = YES;
				CLANG_WARN_BOOL_CONVERSION = YES;
				CLANG_WARN_COMMA = YES;
				CLANG_WARN_CONSTANT_CONVERSION = YES;
				CLANG_WARN_DEPRECATED_OBJC_IMPLEMENTATIONS = YES;
				CLANG_WARN_DIRECT_OBJC_ISA_USAGE = YES_ERROR;
				CLANG_WARN_DOCUMENTATION_COMMENTS = YES;
				CLANG_WARN_EMPTY_BODY = YES;
				CLANG_WARN_ENUM_CONVERSION = YES;
				CLANG_WARN_INFINITE_RECURSION = YES;
				CLANG_WARN_INT_CONVERSION = YES;
				CLANG_WARN_NON_LITERAL_NULL_CONVERSION = YES;
				CLANG_WARN_OBJC_IMPLICIT_RETAIN_SELF = YES;
				CLANG_WARN_OBJC_LITERAL_CONVERSION = YES;
				CLANG_WARN_OBJC_ROOT_CLASS = YES_ERROR;
				CLANG_WARN_RANGE_LOOP_ANALYSIS = YES;
				CLANG_WARN_STRICT_PROTOTYPES = YES;
				CLANG_WARN_SUSPICIOUS_MOVE = YES;
				CLANG_WARN_UNGUARDED_AVAILABILITY = YES_AGGRESSIVE;
				CLANG_WARN_UNREACHABLE_CODE = YES;
				CLANG_WARN__DUPLICATE_METHOD_MATCH = YES;
				CODE_SIGN_IDENTITY = "iPhone Developer";
				COPY_PHASE_STRIP = NO;
				DEBUG_INFORMATION_FORMAT = dwarf;
				ENABLE_STRICT_OBJC_MSGSEND = YES;
				ENABLE_TESTABILITY = YES;
				GCC_C_LANGUAGE_STANDARD = gnu11;
				GCC_DYNAMIC_NO_PIC = NO;
				GCC_NO_COMMON_BLOCKS = YES;
				GCC_OPTIMIZATION_LEVEL = 0;
				GCC_PREPROCESSOR_DEFINITIONS = (
					"DEBUG=1",
					"$(inherited)",
				);
				GCC_WARN_64_TO_32_BIT_CONVERSION = YES;
				GCC_WARN_ABOUT_RETURN_TYPE = YES_ERROR;
				GCC_WARN_UNDECLARED_SELECTOR = YES;
				GCC_WARN_UNINITIALIZED_AUTOS = YES_AGGRESSIVE;
				GCC_WARN_UNUSED_FUNCTION = YES;
				GCC_WARN_UNUSED_VARIABLE = YES;
				IPHONEOS_DEPLOYMENT_TARGET = 12.2;
				MTL_ENABLE_DEBUG_INFO = INCLUDE_SOURCE;
				MTL_FAST_MATH = YES;
				ONLY_ACTIVE_ARCH = YES;
				SDKROOT = iphoneos;
				SWIFT_ACTIVE_COMPILATION_CONDITIONS = DEBUG;
				SWIFT_OPTIMIZATION_LEVEL = "-Onone";
			};
			name = Debug;
		};
		FC6A448222FCC53900410EC3 /* Release */ = {
			isa = XCBuildConfiguration;
			buildSettings = {
				ALWAYS_SEARCH_USER_PATHS = NO;
				CLANG_ANALYZER_NONNULL = YES;
				CLANG_ANALYZER_NUMBER_OBJECT_CONVERSION = YES_AGGRESSIVE;
				CLANG_CXX_LANGUAGE_STANDARD = "gnu++14";
				CLANG_CXX_LIBRARY = "libc++";
				CLANG_ENABLE_MODULES = YES;
				CLANG_ENABLE_OBJC_ARC = YES;
				CLANG_ENABLE_OBJC_WEAK = YES;
				CLANG_WARN_BLOCK_CAPTURE_AUTORELEASING = YES;
				CLANG_WARN_BOOL_CONVERSION = YES;
				CLANG_WARN_COMMA = YES;
				CLANG_WARN_CONSTANT_CONVERSION = YES;
				CLANG_WARN_DEPRECATED_OBJC_IMPLEMENTATIONS = YES;
				CLANG_WARN_DIRECT_OBJC_ISA_USAGE = YES_ERROR;
				CLANG_WARN_DOCUMENTATION_COMMENTS = YES;
				CLANG_WARN_EMPTY_BODY = YES;
				CLANG_WARN_ENUM_CONVERSION = YES;
				CLANG_WARN_INFINITE_RECURSION = YES;
				CLANG_WARN_INT_CONVERSION = YES;
				CLANG_WARN_NON_LITERAL_NULL_CONVERSION = YES;
				CLANG_WARN_OBJC_IMPLICIT_RETAIN_SELF = YES;
				CLANG_WARN_OBJC_LITERAL_CONVERSION = YES;
				CLANG_WARN_OBJC_ROOT_CLASS = YES_ERROR;
				CLANG_WARN_RANGE_LOOP_ANALYSIS = YES;
				CLANG_WARN_STRICT_PROTOTYPES = YES;
				CLANG_WARN_SUSPICIOUS_MOVE = YES;
				CLANG_WARN_UNGUARDED_AVAILABILITY = YES_AGGRESSIVE;
				CLANG_WARN_UNREACHABLE_CODE = YES;
				CLANG_WARN__DUPLICATE_METHOD_MATCH = YES;
				CODE_SIGN_IDENTITY = "iPhone Developer";
				COPY_PHASE_STRIP = NO;
				DEBUG_INFORMATION_FORMAT = "dwarf-with-dsym";
				ENABLE_NS_ASSERTIONS = NO;
				ENABLE_STRICT_OBJC_MSGSEND = YES;
				GCC_C_LANGUAGE_STANDARD = gnu11;
				GCC_NO_COMMON_BLOCKS = YES;
				GCC_WARN_64_TO_32_BIT_CONVERSION = YES;
				GCC_WARN_ABOUT_RETURN_TYPE = YES_ERROR;
				GCC_WARN_UNDECLARED_SELECTOR = YES;
				GCC_WARN_UNINITIALIZED_AUTOS = YES_AGGRESSIVE;
				GCC_WARN_UNUSED_FUNCTION = YES;
				GCC_WARN_UNUSED_VARIABLE = YES;
				IPHONEOS_DEPLOYMENT_TARGET = 12.2;
				MTL_ENABLE_DEBUG_INFO = NO;
				MTL_FAST_MATH = YES;
				SDKROOT = iphoneos;
				SWIFT_COMPILATION_MODE = wholemodule;
				SWIFT_OPTIMIZATION_LEVEL = "-O";
				VALIDATE_PRODUCT = YES;
			};
			name = Release;
		};
		FC6A448422FCC53900410EC3 /* Debug */ = {
			isa = XCBuildConfiguration;
			buildSettings = {
				ASSETCATALOG_COMPILER_APPICON_NAME = AppIcon;
				CODE_SIGN_IDENTITY = "iPhone Developer";
				CODE_SIGN_STYLE = Automatic;
				DEVELOPMENT_TEAM = VXUQXR6S56;
				INFOPLIST_FILE = AllegiancePractise/Info.plist;
				LD_RUNPATH_SEARCH_PATHS = (
					"$(inherited)",
					"@executable_path/Frameworks",
				);
				PRODUCT_BUNDLE_IDENTIFIER = com.lambdaSchool.AllegiancePractise.jtaylor;
				PRODUCT_NAME = "$(TARGET_NAME)";
				PROVISIONING_PROFILE_SPECIFIER = "";
				SWIFT_VERSION = 5.0;
				TARGETED_DEVICE_FAMILY = "1,2";
			};
			name = Debug;
		};
		FC6A448522FCC53900410EC3 /* Release */ = {
			isa = XCBuildConfiguration;
			buildSettings = {
				ASSETCATALOG_COMPILER_APPICON_NAME = AppIcon;
				CODE_SIGN_IDENTITY = "iPhone Developer";
				CODE_SIGN_STYLE = Automatic;
				DEVELOPMENT_TEAM = VXUQXR6S56;
				INFOPLIST_FILE = AllegiancePractise/Info.plist;
				LD_RUNPATH_SEARCH_PATHS = (
					"$(inherited)",
					"@executable_path/Frameworks",
				);
				PRODUCT_BUNDLE_IDENTIFIER = com.lambdaSchool.AllegiancePractise.jtaylor;
				PRODUCT_NAME = "$(TARGET_NAME)";
				PROVISIONING_PROFILE_SPECIFIER = "";
				SWIFT_VERSION = 5.0;
				TARGETED_DEVICE_FAMILY = "1,2";
			};
			name = Release;
		};
/* End XCBuildConfiguration section */

/* Begin XCConfigurationList section */
		FC6A446C22FCC53700410EC3 /* Build configuration list for PBXProject "AllegiancePractise" */ = {
			isa = XCConfigurationList;
			buildConfigurations = (
				FC6A448122FCC53900410EC3 /* Debug */,
				FC6A448222FCC53900410EC3 /* Release */,
			);
			defaultConfigurationIsVisible = 0;
			defaultConfigurationName = Release;
		};
		FC6A448322FCC53900410EC3 /* Build configuration list for PBXNativeTarget "AllegiancePractise" */ = {
			isa = XCConfigurationList;
			buildConfigurations = (
				FC6A448422FCC53900410EC3 /* Debug */,
				FC6A448522FCC53900410EC3 /* Release */,
			);
			defaultConfigurationIsVisible = 0;
			defaultConfigurationName = Release;
		};
/* End XCConfigurationList section */

/* Begin XCVersionGroup section */
		FC6A44942304DD4B00410EC3 /* AllegiancePractise.xcdatamodeld */ = {
			isa = XCVersionGroup;
			children = (
				FC6A44952304DD4B00410EC3 /* AllegiancePractise.xcdatamodel */,
			);
			currentVersion = FC6A44952304DD4B00410EC3 /* AllegiancePractise.xcdatamodel */;
			path = AllegiancePractise.xcdatamodeld;
			sourceTree = "<group>";
			versionGroupType = wrapper.xcdatamodel;
		};
/* End XCVersionGroup section */
	};
	rootObject = FC6A446922FCC53700410EC3 /* Project object */;
}
